
Microsoft Visual Studio Solution File, Format Version 12.00
# Visual Studio Version 17
VisualStudioVersion = 17.3.32901.215
MinimumVisualStudioVersion = 10.0.40219.1
Project("{FAE04EC0-301F-11D3-BF4B-00C04F79EFBC}") = "bART_TestProject", "bART_TestProject.csproj", "{1165DB4F-F46F-4BFD-8BB5-9EF273F45BFD}"
EndProject
Global
	GlobalSection(SolutionConfigurationPlatforms) = preSolution
		Debug|Any CPU = Debug|Any CPU
		Release|Any CPU = Release|Any CPU
	EndGlobalSection
	GlobalSection(ProjectConfigurationPlatforms) = postSolution
		{1165DB4F-F46F-4BFD-8BB5-9EF273F45BFD}.Debug|Any CPU.ActiveCfg = Debug|Any CPU
		{1165DB4F-F46F-4BFD-8BB5-9EF273F45BFD}.Debug|Any CPU.Build.0 = Debug|Any CPU
		{1165DB4F-F46F-4BFD-8BB5-9EF273F45BFD}.Release|Any CPU.ActiveCfg = Release|Any CPU
		{1165DB4F-F46F-4BFD-8BB5-9EF273F45BFD}.Release|Any CPU.Build.0 = Release|Any CPU
	EndGlobalSection
	GlobalSection(SolutionProperties) = preSolution
		HideSolutionNode = FALSE
	EndGlobalSection
	GlobalSection(ExtensibilityGlobals) = postSolution
		SolutionGuid = {201D00D2-6DDD-48CE-B7D7-244048FF1E24}
	EndGlobalSection
EndGlobal
